<?xml version="1.0" encoding="utf-8"?>
<Project ToolsVersion="4.0" xmlns="http://schemas.microsoft.com/developer/msbuild/2003">
  <ItemGroup>
    <Filter Include="Source Files">
      <UniqueIdentifier>{4FC737F1-C7A5-4376-A066-2A32D752A2FF}</UniqueIdentifier>
      <Extensions>cpp;c;cc;cxx;c++;cppm;ixx;def;odl;idl;hpj;bat;asm;asmx</Extensions>
    </Filter>
    <Filter Include="Header Files">
      <UniqueIdentifier>{93995380-89BD-4b04-88EB-625FBE52EBFB}</UniqueIdentifier>
      <Extensions>h;hh;hpp;hxx;h++;hm;inl;inc;ipp;xsd</Extensions>
    </Filter>
    <Filter Include="Resource Files">
      <UniqueIdentifier>{67DA6AB6-F800-4c08-8B7A-83BB121AAD01}</UniqueIdentifier>
      <Extensions>rc;ico;cur;bmp;dlg;rc2;rct;bin;rgs;gif;jpg;jpeg;jpe;resx;tiff;tif;png;wav;mfcribbon-ms</Extensions>
    </Filter>
    <Filter Include="Shaders">
      <UniqueIdentifier>{bf58e8dd-36af-4557-a68b-9a306c51fc5c}</UniqueIdentifier>
    </Filter>
    <Filter Include="Demo">
      <UniqueIdentifier>{0d899dd8-2cfb-4362-8387-a400a69271a7}</UniqueIdentifier>
    </Filter>
  </ItemGroup>
  <ItemGroup>
    <ClCompile Include="scene\SceneManager.cpp">
      <Filter>Source Files</Filter>
    </ClCompile>
    <ClCompile Include="scene\Entity.cpp">
      <Filter>Source Files</Filter>
    </ClCompile>
    <ClCompile Include="scene\Camera.cpp">
      <Filter>Source Files</Filter>
    </ClCompile>
    <ClCompile Include="third_party\glad.c">
      <Filter>Source Files</Filter>
    </ClCompile>
    <ClCompile Include="third_party\stb_image.cpp">
      <Filter>Source Files</Filter>
    </ClCompile>
    <ClCompile Include="Main.cpp">
      <Filter>Demo</Filter>
    </ClCompile>
    <ClCompile Include="component\Component.cpp">
      <Filter>Source Files</Filter>
    </ClCompile>
  </ItemGroup>
  <ItemGroup>
    <Image Include="Textures\Brick_Texture.png">
      <Filter>Resource Files</Filter>
    </Image>
    <Image Include="openGLObjects\MissingTexture.png">
      <Filter>Header Files</Filter>
    </Image>
  </ItemGroup>
  <ItemGroup>
    <ClInclude Include="shaders\Shader.hpp">
      <Filter>Header Files</Filter>
    </ClInclude>
    <ClInclude Include="scene\SceneManager.hpp">
      <Filter>Header Files</Filter>
    </ClInclude>
    <ClInclude Include="scene\Entity.hpp">
      <Filter>Header Files</Filter>
    </ClInclude>
    <ClInclude Include="scene\Scene.hpp">
      <Filter>Header Files</Filter>
    </ClInclude>
    <ClInclude Include="scene\Camera.hpp">
      <Filter>Header Files</Filter>
    </ClInclude>
    <ClInclude Include="openGLObjects\OpenGLObject.hpp">
      <Filter>Header Files</Filter>
    </ClInclude>
    <ClInclude Include="openGLObjects\Texture.hpp">
      <Filter>Header Files</Filter>
    </ClInclude>
    <ClInclude Include="openGLObjects\VAO.hpp">
      <Filter>Header Files</Filter>
    </ClInclude>
    <ClInclude Include="openGLObjects\VBO.hpp">
      <Filter>Header Files</Filter>
    </ClInclude>
    <ClInclude Include="third_party\stb_image.h">
      <Filter>Header Files</Filter>
    </ClInclude>
    <ClInclude Include="Demo\Block.hpp">
      <Filter>Demo</Filter>
    </ClInclude>
    <ClInclude Include="Demo\DefaultScene.hpp">
      <Filter>Demo</Filter>
    </ClInclude>
    <ClInclude Include="FTGFWProgram.hpp">
      <Filter>Header Files</Filter>
    </ClInclude>
    <ClInclude Include="component\Component.hpp">
      <Filter>Header Files</Filter>
    </ClInclude>
    <ClInclude Include="component\ControllerComponent.hpp">
      <Filter>Header Files</Filter>
    </ClInclude>
    <ClInclude Include="component\KinematicComponent.hpp">
      <Filter>Header Files</Filter>
    </ClInclude>
    <ClInclude Include="component\RenderComponent.hpp">
      <Filter>Header Files</Filter>
    </ClInclude>
  </ItemGroup>
  <ItemGroup>
    <None Include="shaders\vertex.vert">
      <Filter>Shaders</Filter>
    </None>
    <None Include="shaders\fragment.frag">
      <Filter>Shaders</Filter>
    </None>
  </ItemGroup>
</Project>